
Microsoft Visual Studio Solution File, Format Version 12.00
# Visual Studio 2012
Project("{FAE04EC0-301F-11D3-BF4B-00C04F79EFBC}") = "DockPanel.WP7", "DockPanel.WP7\DockPanel.WP7.csproj", "{483043B4-4DA8-42E0-9FE4-7433C146664D}"
EndProject
Project("{2150E333-8FDC-42A3-9474-1A3956D46DE8}") = "Windows Phone 7", "Windows Phone 7", "{2BC9B916-8696-4707-A5FA-190A232C5BC2}"
EndProject
Project("{2150E333-8FDC-42A3-9474-1A3956D46DE8}") = "Windows Phone 8", "Windows Phone 8", "{D14E12E1-945D-49FD-9D05-4E7BE791FB36}"
EndProject
Project("{FAE04EC0-301F-11D3-BF4B-00C04F79EFBC}") = "DockPanel.Sample.WP7", "DockPanel Sample\DockPanel.Sample.WP7\DockPanel.Sample.WP7.csproj", "{5004293A-1ADC-46EA-B59B-09B679E1C7FE}"
EndProject
Project("{FAE04EC0-301F-11D3-BF4B-00C04F79EFBC}") = "DockPanel.WP8", "DockPanel.WP8\DockPanel.WP8.csproj", "{F36A5AC7-6903-41AA-B936-687EE817F896}"
EndProject
Project("{FAE04EC0-301F-11D3-BF4B-00C04F79EFBC}") = "DockPanel.Sample.WP8", "DockPanel Sample\DockPanel.Sample.WP8\DockPanel.Sample.WP8.csproj", "{A75CF49E-5C32-4684-956C-F6B1E3CC7D95}"
EndProject
Project("{2150E333-8FDC-42A3-9474-1A3956D46DE8}") = "Silverlight", "Silverlight", "{4BD97B4E-E854-4CAC-A780-35E453EFF012}"
EndProject
Project("{FAE04EC0-301F-11D3-BF4B-00C04F79EFBC}") = "DockPanel.SL", "DockPanel.SL\DockPanel.SL.csproj", "{47F2BD15-F4D7-4876-B0D6-F45BB264A5E0}"
EndProject
Global
	GlobalSection(SolutionConfigurationPlatforms) = preSolution
		Debug|Any CPU = Debug|Any CPU
		Debug|ARM = Debug|ARM
		Debug|x86 = Debug|x86
		Release|Any CPU = Release|Any CPU
		Release|ARM = Release|ARM
		Release|x86 = Release|x86
	EndGlobalSection
	GlobalSection(ProjectConfigurationPlatforms) = postSolution
		{483043B4-4DA8-42E0-9FE4-7433C146664D}.Debug|Any CPU.ActiveCfg = Debug|Any CPU
		{483043B4-4DA8-42E0-9FE4-7433C146664D}.Debug|Any CPU.Build.0 = Debug|Any CPU
		{483043B4-4DA8-42E0-9FE4-7433C146664D}.Debug|ARM.ActiveCfg = Debug|Any CPU
		{483043B4-4DA8-42E0-9FE4-7433C146664D}.Debug|x86.ActiveCfg = Debug|Any CPU
		{483043B4-4DA8-42E0-9FE4-7433C146664D}.Release|Any CPU.ActiveCfg = Release|Any CPU
		{483043B4-4DA8-42E0-9FE4-7433C146664D}.Release|Any CPU.Build.0 = Release|Any CPU
		{483043B4-4DA8-42E0-9FE4-7433C146664D}.Release|ARM.ActiveCfg = Release|Any CPU
		{483043B4-4DA8-42E0-9FE4-7433C146664D}.Release|x86.ActiveCfg = Release|Any CPU
		{5004293A-1ADC-46EA-B59B-09B679E1C7FE}.Debug|Any CPU.ActiveCfg = Debug|Any CPU
		{5004293A-1ADC-46EA-B59B-09B679E1C7FE}.Debug|Any CPU.Build.0 = Debug|Any CPU
		{5004293A-1ADC-46EA-B59B-09B679E1C7FE}.Debug|Any CPU.Deploy.0 = Debug|Any CPU
		{5004293A-1ADC-46EA-B59B-09B679E1C7FE}.Debug|ARM.ActiveCfg = Debug|Any CPU
		{5004293A-1ADC-46EA-B59B-09B679E1C7FE}.Debug|x86.ActiveCfg = Debug|Any CPU
		{5004293A-1ADC-46EA-B59B-09B679E1C7FE}.Release|Any CPU.ActiveCfg = Release|Any CPU
		{5004293A-1ADC-46EA-B59B-09B679E1C7FE}.Release|Any CPU.Build.0 = Release|Any CPU
		{5004293A-1ADC-46EA-B59B-09B679E1C7FE}.Release|Any CPU.Deploy.0 = Release|Any CPU
		{5004293A-1ADC-46EA-B59B-09B679E1C7FE}.Release|ARM.ActiveCfg = Release|Any CPU
		{5004293A-1ADC-46EA-B59B-09B679E1C7FE}.Release|x86.ActiveCfg = Release|Any CPU
		{F36A5AC7-6903-41AA-B936-687EE817F896}.Debug|Any CPU.ActiveCfg = Debug|Any CPU
		{F36A5AC7-6903-41AA-B936-687EE817F896}.Debug|Any CPU.Build.0 = Debug|Any CPU
		{F36A5AC7-6903-41AA-B936-687EE817F896}.Debug|ARM.ActiveCfg = Debug|ARM
		{F36A5AC7-6903-41AA-B936-687EE817F896}.Debug|ARM.Build.0 = Debug|ARM
		{F36A5AC7-6903-41AA-B936-687EE817F896}.Debug|x86.ActiveCfg = Debug|x86
		{F36A5AC7-6903-41AA-B936-687EE817F896}.Debug|x86.Build.0 = Debug|x86
		{F36A5AC7-6903-41AA-B936-687EE817F896}.Release|Any CPU.ActiveCfg = Release|Any CPU
		{F36A5AC7-6903-41AA-B936-687EE817F896}.Release|Any CPU.Build.0 = Release|Any CPU
		{F36A5AC7-6903-41AA-B936-687EE817F896}.Release|ARM.ActiveCfg = Release|ARM
		{F36A5AC7-6903-41AA-B936-687EE817F896}.Release|ARM.Build.0 = Release|ARM
		{F36A5AC7-6903-41AA-B936-687EE817F896}.Release|x86.ActiveCfg = Release|x86
		{F36A5AC7-6903-41AA-B936-687EE817F896}.Release|x86.Build.0 = Release|x86
		{A75CF49E-5C32-4684-956C-F6B1E3CC7D95}.Debug|Any CPU.ActiveCfg = Debug|Any CPU
		{A75CF49E-5C32-4684-956C-F6B1E3CC7D95}.Debug|Any CPU.Build.0 = Debug|Any CPU
		{A75CF49E-5C32-4684-956C-F6B1E3CC7D95}.Debug|Any CPU.Deploy.0 = Debug|Any CPU
		{A75CF49E-5C32-4684-956C-F6B1E3CC7D95}.Debug|ARM.ActiveCfg = Debug|Any CPU
		{A75CF49E-5C32-4684-956C-F6B1E3CC7D95}.Debug|x86.ActiveCfg = Debug|Any CPU
		{A75CF49E-5C32-4684-956C-F6B1E3CC7D95}.Release|Any CPU.ActiveCfg = Release|Any CPU
		{A75CF49E-5C32-4684-956C-F6B1E3CC7D95}.Release|Any CPU.Build.0 = Release|Any CPU
		{A75CF49E-5C32-4684-956C-F6B1E3CC7D95}.Release|Any CPU.Deploy.0 = Release|Any CPU
		{A75CF49E-5C32-4684-956C-F6B1E3CC7D95}.Release|ARM.ActiveCfg = Release|Any CPU
		{A75CF49E-5C32-4684-956C-F6B1E3CC7D95}.Release|x86.ActiveCfg = Release|Any CPU
		{47F2BD15-F4D7-4876-B0D6-F45BB264A5E0}.Debug|Any CPU.ActiveCfg = Debug|Any CPU
		{47F2BD15-F4D7-4876-B0D6-F45BB264A5E0}.Debug|Any CPU.Build.0 = Debug|Any CPU
		{47F2BD15-F4D7-4876-B0D6-F45BB264A5E0}.Debug|ARM.ActiveCfg = Debug|Any CPU
		{47F2BD15-F4D7-4876-B0D6-F45BB264A5E0}.Debug|x86.ActiveCfg = Debug|Any CPU
		{47F2BD15-F4D7-4876-B0D6-F45BB264A5E0}.Release|Any CPU.ActiveCfg = Release|Any CPU
		{47F2BD15-F4D7-4876-B0D6-F45BB264A5E0}.Release|Any CPU.Build.0 = Release|Any CPU
		{47F2BD15-F4D7-4876-B0D6-F45BB264A5E0}.Release|ARM.ActiveCfg = Release|Any CPU
		{47F2BD15-F4D7-4876-B0D6-F45BB264A5E0}.Release|x86.ActiveCfg = Release|Any CPU
	EndGlobalSection
	GlobalSection(SolutionProperties) = preSolution
		HideSolutionNode = FALSE
	EndGlobalSection
	GlobalSection(NestedProjects) = preSolution
		{483043B4-4DA8-42E0-9FE4-7433C146664D} = {2BC9B916-8696-4707-A5FA-190A232C5BC2}
		{5004293A-1ADC-46EA-B59B-09B679E1C7FE} = {2BC9B916-8696-4707-A5FA-190A232C5BC2}
		{F36A5AC7-6903-41AA-B936-687EE817F896} = {D14E12E1-945D-49FD-9D05-4E7BE791FB36}
		{A75CF49E-5C32-4684-956C-F6B1E3CC7D95} = {D14E12E1-945D-49FD-9D05-4E7BE791FB36}
		{47F2BD15-F4D7-4876-B0D6-F45BB264A5E0} = {4BD97B4E-E854-4CAC-A780-35E453EFF012}
	EndGlobalSection
EndGlobal
